// !$*UTF8*$!
{
	archiveVersion = 1;
	classes = {
	};
	objectVersion = 55;
	objects = {

/* Begin PBXBuildFile section */
		392440DE2820D5670096CD1D /* Rank.swift in Sources */ = {isa = PBXBuildFile; fileRef = 392440DD2820D5670096CD1D /* Rank.swift */; };
		392440E02820D85F0096CD1D /* RankService.swift in Sources */ = {isa = PBXBuildFile; fileRef = 392440DF2820D85F0096CD1D /* RankService.swift */; };
		392440E42820DA190096CD1D /* SearchNetwork.swift in Sources */ = {isa = PBXBuildFile; fileRef = 392440E32820DA190096CD1D /* SearchNetwork.swift */; };
		392440E62820DAB90096CD1D /* RankNetwork.swift in Sources */ = {isa = PBXBuildFile; fileRef = 392440E52820DAB90096CD1D /* RankNetwork.swift */; };
		3928799128502A8100F33645 /* ChampionCell.swift in Sources */ = {isa = PBXBuildFile; fileRef = 3928799028502A8100F33645 /* ChampionCell.swift */; };
		393479D72851735400A19A61 /* ChampionDetailCell.swift in Sources */ = {isa = PBXBuildFile; fileRef = 393479D62851735400A19A61 /* ChampionDetailCell.swift */; };
		3938B0B6281799370025EF5F /* HomeViewModel.swift in Sources */ = {isa = PBXBuildFile; fileRef = 3938B0B5281799370025EF5F /* HomeViewModel.swift */; };
		3938B0B928179AE50025EF5F /* User.swift in Sources */ = {isa = PBXBuildFile; fileRef = 3938B0B828179AE50025EF5F /* User.swift */; };
		3938B0BB2817D6A30025EF5F /* HomeView.swift in Sources */ = {isa = PBXBuildFile; fileRef = 3938B0BA2817D6A30025EF5F /* HomeView.swift */; };
		394309542828F9EF008EFE51 /* Match.swift in Sources */ = {isa = PBXBuildFile; fileRef = 394309532828F9EF008EFE51 /* Match.swift */; };
		394309562828FB74008EFE51 /* MatchNetwork.swift in Sources */ = {isa = PBXBuildFile; fileRef = 394309552828FB74008EFE51 /* MatchNetwork.swift */; };
		394309582828FBB6008EFE51 /* MatchService.swift in Sources */ = {isa = PBXBuildFile; fileRef = 394309572828FBB6008EFE51 /* MatchService.swift */; };
		39457CB12817953100D1555E /* SearchService.swift in Sources */ = {isa = PBXBuildFile; fileRef = 39457CB02817953100D1555E /* SearchService.swift */; };
		397B264F282DE5AF00092C5A /* MatchViewController.swift in Sources */ = {isa = PBXBuildFile; fileRef = 397B264E282DE5AF00092C5A /* MatchViewController.swift */; };
		397B2651282DE5DF00092C5A /* MatchView.swift in Sources */ = {isa = PBXBuildFile; fileRef = 397B2650282DE5DF00092C5A /* MatchView.swift */; };
		397B2653282DEB6D00092C5A /* MatchViewModel.swift in Sources */ = {isa = PBXBuildFile; fileRef = 397B2652282DEB6D00092C5A /* MatchViewModel.swift */; };
		3993544228178278006DA743 /* AppDelegate.swift in Sources */ = {isa = PBXBuildFile; fileRef = 3993544128178278006DA743 /* AppDelegate.swift */; };
		3993544428178278006DA743 /* SceneDelegate.swift in Sources */ = {isa = PBXBuildFile; fileRef = 3993544328178278006DA743 /* SceneDelegate.swift */; };
		3993544B2817827A006DA743 /* Assets.xcassets in Resources */ = {isa = PBXBuildFile; fileRef = 3993544A2817827A006DA743 /* Assets.xcassets */; };
		3993544E2817827A006DA743 /* LaunchScreen.storyboard in Resources */ = {isa = PBXBuildFile; fileRef = 3993544C2817827A006DA743 /* LaunchScreen.storyboard */; };
		399354592817827A006DA743 /* ARAMRXSwiftTests.swift in Sources */ = {isa = PBXBuildFile; fileRef = 399354582817827A006DA743 /* ARAMRXSwiftTests.swift */; };
		399354632817827A006DA743 /* ARAMRXSwiftUITests.swift in Sources */ = {isa = PBXBuildFile; fileRef = 399354622817827A006DA743 /* ARAMRXSwiftUITests.swift */; };
		399354652817827A006DA743 /* ARAMRXSwiftUITestsLaunchTests.swift in Sources */ = {isa = PBXBuildFile; fileRef = 399354642817827A006DA743 /* ARAMRXSwiftUITestsLaunchTests.swift */; };
		3993547228178CC7006DA743 /* HomeViewController.swift in Sources */ = {isa = PBXBuildFile; fileRef = 3993547128178CC7006DA743 /* HomeViewController.swift */; };
		39A0A2AB285054C600DF21B7 /* ChampionDetailViewController.swift in Sources */ = {isa = PBXBuildFile; fileRef = 39A0A2AA285054C600DF21B7 /* ChampionDetailViewController.swift */; };
		39A0A2AD285055C000DF21B7 /* ChampionDetailView.swift in Sources */ = {isa = PBXBuildFile; fileRef = 39A0A2AC285055C000DF21B7 /* ChampionDetailView.swift */; };
		39A0A2AF285071A100DF21B7 /* ChampionDetailService.swift in Sources */ = {isa = PBXBuildFile; fileRef = 39A0A2AE285071A100DF21B7 /* ChampionDetailService.swift */; };
		39A0A2B12850799E00DF21B7 /* ChampionDetailNetwork.swift in Sources */ = {isa = PBXBuildFile; fileRef = 39A0A2B02850799E00DF21B7 /* ChampionDetailNetwork.swift */; };
		39A0A2B328507AEA00DF21B7 /* ChampionDetail.swift in Sources */ = {isa = PBXBuildFile; fileRef = 39A0A2B228507AEA00DF21B7 /* ChampionDetail.swift */; };
		39A0A2B52850815000DF21B7 /* ChampionDetailViewModel.swift in Sources */ = {isa = PBXBuildFile; fileRef = 39A0A2B42850815000DF21B7 /* ChampionDetailViewModel.swift */; };
		39A6DFA4284EEEA500853C54 /* ChampionService.swift in Sources */ = {isa = PBXBuildFile; fileRef = 39A6DFA3284EEEA500853C54 /* ChampionService.swift */; };
		39A6DFA6284EEF8800853C54 /* ChampionNetwork.swift in Sources */ = {isa = PBXBuildFile; fileRef = 39A6DFA5284EEF8800853C54 /* ChampionNetwork.swift */; };
		39A6DFA8284F001F00853C54 /* Champion.swift in Sources */ = {isa = PBXBuildFile; fileRef = 39A6DFA7284F001F00853C54 /* Champion.swift */; };
		39A6DFAB284F308800853C54 /* ChampionViewController.swift in Sources */ = {isa = PBXBuildFile; fileRef = 39A6DFAA284F308800853C54 /* ChampionViewController.swift */; };
		39A6DFAD284F344B00853C54 /* ChampionView.swift in Sources */ = {isa = PBXBuildFile; fileRef = 39A6DFAC284F344B00853C54 /* ChampionView.swift */; };
		39A6DFAF284F3CDF00853C54 /* ChampionViewModel.swift in Sources */ = {isa = PBXBuildFile; fileRef = 39A6DFAE284F3CDF00853C54 /* ChampionViewModel.swift */; };
		3A3398DD21FB9E625149C1D1 /* Pods_ARAMRXSwiftTests.framework in Frameworks */ = {isa = PBXBuildFile; fileRef = 216676819DCBACC79A1D9323 /* Pods_ARAMRXSwiftTests.framework */; };
		CC92B44496D0E78EFED3B1A1 /* Pods_ARAMRXSwift.framework in Frameworks */ = {isa = PBXBuildFile; fileRef = 5015DD73C2ACEE5660783420 /* Pods_ARAMRXSwift.framework */; };
		EE7C584FEE5D75E74A5D60AC /* Pods_ARAMRXSwift_ARAMRXSwiftUITests.framework in Frameworks */ = {isa = PBXBuildFile; fileRef = 67864F0539D4D2446FF13F91 /* Pods_ARAMRXSwift_ARAMRXSwiftUITests.framework */; };
/* End PBXBuildFile section */

/* Begin PBXContainerItemProxy section */
		399354552817827A006DA743 /* PBXContainerItemProxy */ = {
			isa = PBXContainerItemProxy;
			containerPortal = 3993543628178278006DA743 /* Project object */;
			proxyType = 1;
			remoteGlobalIDString = 3993543D28178278006DA743;
			remoteInfo = ARAMRXSwift;
		};
		3993545F2817827A006DA743 /* PBXContainerItemProxy */ = {
			isa = PBXContainerItemProxy;
			containerPortal = 3993543628178278006DA743 /* Project object */;
			proxyType = 1;
			remoteGlobalIDString = 3993543D28178278006DA743;
			remoteInfo = ARAMRXSwift;
		};
/* End PBXContainerItemProxy section */

/* Begin PBXFileReference section */
		216676819DCBACC79A1D9323 /* Pods_ARAMRXSwiftTests.framework */ = {isa = PBXFileReference; explicitFileType = wrapper.framework; includeInIndex = 0; path = Pods_ARAMRXSwiftTests.framework; sourceTree = BUILT_PRODUCTS_DIR; };
		392440DD2820D5670096CD1D /* Rank.swift */ = {isa = PBXFileReference; lastKnownFileType = sourcecode.swift; path = Rank.swift; sourceTree = "<group>"; };
		392440DF2820D85F0096CD1D /* RankService.swift */ = {isa = PBXFileReference; lastKnownFileType = sourcecode.swift; path = RankService.swift; sourceTree = "<group>"; };
		392440E32820DA190096CD1D /* SearchNetwork.swift */ = {isa = PBXFileReference; lastKnownFileType = sourcecode.swift; path = SearchNetwork.swift; sourceTree = "<group>"; };
		392440E52820DAB90096CD1D /* RankNetwork.swift */ = {isa = PBXFileReference; lastKnownFileType = sourcecode.swift; path = RankNetwork.swift; sourceTree = "<group>"; };
		3928799028502A8100F33645 /* ChampionCell.swift */ = {isa = PBXFileReference; lastKnownFileType = sourcecode.swift; path = ChampionCell.swift; sourceTree = "<group>"; };
		393479D62851735400A19A61 /* ChampionDetailCell.swift */ = {isa = PBXFileReference; lastKnownFileType = sourcecode.swift; path = ChampionDetailCell.swift; sourceTree = "<group>"; };
		3938B0B5281799370025EF5F /* HomeViewModel.swift */ = {isa = PBXFileReference; lastKnownFileType = sourcecode.swift; path = HomeViewModel.swift; sourceTree = "<group>"; };
		3938B0B828179AE50025EF5F /* User.swift */ = {isa = PBXFileReference; lastKnownFileType = sourcecode.swift; path = User.swift; sourceTree = "<group>"; };
		3938B0BA2817D6A30025EF5F /* HomeView.swift */ = {isa = PBXFileReference; lastKnownFileType = sourcecode.swift; path = HomeView.swift; sourceTree = "<group>"; };
		394309532828F9EF008EFE51 /* Match.swift */ = {isa = PBXFileReference; lastKnownFileType = sourcecode.swift; path = Match.swift; sourceTree = "<group>"; };
		394309552828FB74008EFE51 /* MatchNetwork.swift */ = {isa = PBXFileReference; lastKnownFileType = sourcecode.swift; path = MatchNetwork.swift; sourceTree = "<group>"; };
		394309572828FBB6008EFE51 /* MatchService.swift */ = {isa = PBXFileReference; lastKnownFileType = sourcecode.swift; path = MatchService.swift; sourceTree = "<group>"; };
		39457CB02817953100D1555E /* SearchService.swift */ = {isa = PBXFileReference; lastKnownFileType = sourcecode.swift; path = SearchService.swift; sourceTree = "<group>"; };
		397B264E282DE5AF00092C5A /* MatchViewController.swift */ = {isa = PBXFileReference; lastKnownFileType = sourcecode.swift; path = MatchViewController.swift; sourceTree = "<group>"; };
		397B2650282DE5DF00092C5A /* MatchView.swift */ = {isa = PBXFileReference; lastKnownFileType = sourcecode.swift; path = MatchView.swift; sourceTree = "<group>"; };
		397B2652282DEB6D00092C5A /* MatchViewModel.swift */ = {isa = PBXFileReference; lastKnownFileType = sourcecode.swift; path = MatchViewModel.swift; sourceTree = "<group>"; };
		3993543E28178278006DA743 /* ARAMRXSwift.app */ = {isa = PBXFileReference; explicitFileType = wrapper.application; includeInIndex = 0; path = ARAMRXSwift.app; sourceTree = BUILT_PRODUCTS_DIR; };
		3993544128178278006DA743 /* AppDelegate.swift */ = {isa = PBXFileReference; lastKnownFileType = sourcecode.swift; path = AppDelegate.swift; sourceTree = "<group>"; };
		3993544328178278006DA743 /* SceneDelegate.swift */ = {isa = PBXFileReference; lastKnownFileType = sourcecode.swift; path = SceneDelegate.swift; sourceTree = "<group>"; };
		3993544A2817827A006DA743 /* Assets.xcassets */ = {isa = PBXFileReference; lastKnownFileType = folder.assetcatalog; path = Assets.xcassets; sourceTree = "<group>"; };
		3993544D2817827A006DA743 /* Base */ = {isa = PBXFileReference; lastKnownFileType = file.storyboard; name = Base; path = Base.lproj/LaunchScreen.storyboard; sourceTree = "<group>"; };
		3993544F2817827A006DA743 /* Info.plist */ = {isa = PBXFileReference; lastKnownFileType = text.plist.xml; path = Info.plist; sourceTree = "<group>"; };
		399354542817827A006DA743 /* ARAMRXSwiftTests.xctest */ = {isa = PBXFileReference; explicitFileType = wrapper.cfbundle; includeInIndex = 0; path = ARAMRXSwiftTests.xctest; sourceTree = BUILT_PRODUCTS_DIR; };
		399354582817827A006DA743 /* ARAMRXSwiftTests.swift */ = {isa = PBXFileReference; lastKnownFileType = sourcecode.swift; path = ARAMRXSwiftTests.swift; sourceTree = "<group>"; };
		3993545E2817827A006DA743 /* ARAMRXSwiftUITests.xctest */ = {isa = PBXFileReference; explicitFileType = wrapper.cfbundle; includeInIndex = 0; path = ARAMRXSwiftUITests.xctest; sourceTree = BUILT_PRODUCTS_DIR; };
		399354622817827A006DA743 /* ARAMRXSwiftUITests.swift */ = {isa = PBXFileReference; lastKnownFileType = sourcecode.swift; path = ARAMRXSwiftUITests.swift; sourceTree = "<group>"; };
		399354642817827A006DA743 /* ARAMRXSwiftUITestsLaunchTests.swift */ = {isa = PBXFileReference; lastKnownFileType = sourcecode.swift; path = ARAMRXSwiftUITestsLaunchTests.swift; sourceTree = "<group>"; };
		3993547128178CC7006DA743 /* HomeViewController.swift */ = {isa = PBXFileReference; lastKnownFileType = sourcecode.swift; path = HomeViewController.swift; sourceTree = "<group>"; };
		39A0A2AA285054C600DF21B7 /* ChampionDetailViewController.swift */ = {isa = PBXFileReference; lastKnownFileType = sourcecode.swift; path = ChampionDetailViewController.swift; sourceTree = "<group>"; };
		39A0A2AC285055C000DF21B7 /* ChampionDetailView.swift */ = {isa = PBXFileReference; lastKnownFileType = sourcecode.swift; path = ChampionDetailView.swift; sourceTree = "<group>"; };
		39A0A2AE285071A100DF21B7 /* ChampionDetailService.swift */ = {isa = PBXFileReference; lastKnownFileType = sourcecode.swift; path = ChampionDetailService.swift; sourceTree = "<group>"; };
		39A0A2B02850799E00DF21B7 /* ChampionDetailNetwork.swift */ = {isa = PBXFileReference; lastKnownFileType = sourcecode.swift; path = ChampionDetailNetwork.swift; sourceTree = "<group>"; };
		39A0A2B228507AEA00DF21B7 /* ChampionDetail.swift */ = {isa = PBXFileReference; lastKnownFileType = sourcecode.swift; path = ChampionDetail.swift; sourceTree = "<group>"; };
		39A0A2B42850815000DF21B7 /* ChampionDetailViewModel.swift */ = {isa = PBXFileReference; lastKnownFileType = sourcecode.swift; path = ChampionDetailViewModel.swift; sourceTree = "<group>"; };
		39A6DFA3284EEEA500853C54 /* ChampionService.swift */ = {isa = PBXFileReference; lastKnownFileType = sourcecode.swift; path = ChampionService.swift; sourceTree = "<group>"; };
		39A6DFA5284EEF8800853C54 /* ChampionNetwork.swift */ = {isa = PBXFileReference; lastKnownFileType = sourcecode.swift; path = ChampionNetwork.swift; sourceTree = "<group>"; };
		39A6DFA7284F001F00853C54 /* Champion.swift */ = {isa = PBXFileReference; lastKnownFileType = sourcecode.swift; path = Champion.swift; sourceTree = "<group>"; };
		39A6DFAA284F308800853C54 /* ChampionViewController.swift */ = {isa = PBXFileReference; lastKnownFileType = sourcecode.swift; path = ChampionViewController.swift; sourceTree = "<group>"; };
		39A6DFAC284F344B00853C54 /* ChampionView.swift */ = {isa = PBXFileReference; lastKnownFileType = sourcecode.swift; path = ChampionView.swift; sourceTree = "<group>"; };
		39A6DFAE284F3CDF00853C54 /* ChampionViewModel.swift */ = {isa = PBXFileReference; lastKnownFileType = sourcecode.swift; path = ChampionViewModel.swift; sourceTree = "<group>"; };
		5015DD73C2ACEE5660783420 /* Pods_ARAMRXSwift.framework */ = {isa = PBXFileReference; explicitFileType = wrapper.framework; includeInIndex = 0; path = Pods_ARAMRXSwift.framework; sourceTree = BUILT_PRODUCTS_DIR; };
		67864F0539D4D2446FF13F91 /* Pods_ARAMRXSwift_ARAMRXSwiftUITests.framework */ = {isa = PBXFileReference; explicitFileType = wrapper.framework; includeInIndex = 0; path = Pods_ARAMRXSwift_ARAMRXSwiftUITests.framework; sourceTree = BUILT_PRODUCTS_DIR; };
		7A01D7E830ECC97174C5BCE5 /* Pods-ARAMRXSwift.release.xcconfig */ = {isa = PBXFileReference; includeInIndex = 1; lastKnownFileType = text.xcconfig; name = "Pods-ARAMRXSwift.release.xcconfig"; path = "Target Support Files/Pods-ARAMRXSwift/Pods-ARAMRXSwift.release.xcconfig"; sourceTree = "<group>"; };
		846B29670743376551B4A0EC /* Pods-ARAMRXSwift-ARAMRXSwiftUITests.debug.xcconfig */ = {isa = PBXFileReference; includeInIndex = 1; lastKnownFileType = text.xcconfig; name = "Pods-ARAMRXSwift-ARAMRXSwiftUITests.debug.xcconfig"; path = "Target Support Files/Pods-ARAMRXSwift-ARAMRXSwiftUITests/Pods-ARAMRXSwift-ARAMRXSwiftUITests.debug.xcconfig"; sourceTree = "<group>"; };
		AF63C6F3BA6EC7D18825DEA5 /* Pods-ARAMRXSwiftTests.release.xcconfig */ = {isa = PBXFileReference; includeInIndex = 1; lastKnownFileType = text.xcconfig; name = "Pods-ARAMRXSwiftTests.release.xcconfig"; path = "Target Support Files/Pods-ARAMRXSwiftTests/Pods-ARAMRXSwiftTests.release.xcconfig"; sourceTree = "<group>"; };
		E1F55F6209D70FD8D20B63F5 /* Pods-ARAMRXSwift-ARAMRXSwiftUITests.release.xcconfig */ = {isa = PBXFileReference; includeInIndex = 1; lastKnownFileType = text.xcconfig; name = "Pods-ARAMRXSwift-ARAMRXSwiftUITests.release.xcconfig"; path = "Target Support Files/Pods-ARAMRXSwift-ARAMRXSwiftUITests/Pods-ARAMRXSwift-ARAMRXSwiftUITests.release.xcconfig"; sourceTree = "<group>"; };
		E7AFB39CD066637B8852644F /* Pods-ARAMRXSwift.debug.xcconfig */ = {isa = PBXFileReference; includeInIndex = 1; lastKnownFileType = text.xcconfig; name = "Pods-ARAMRXSwift.debug.xcconfig"; path = "Target Support Files/Pods-ARAMRXSwift/Pods-ARAMRXSwift.debug.xcconfig"; sourceTree = "<group>"; };
		EAF5D57CBD98F8360CC9EB7B /* Pods-ARAMRXSwiftTests.debug.xcconfig */ = {isa = PBXFileReference; includeInIndex = 1; lastKnownFileType = text.xcconfig; name = "Pods-ARAMRXSwiftTests.debug.xcconfig"; path = "Target Support Files/Pods-ARAMRXSwiftTests/Pods-ARAMRXSwiftTests.debug.xcconfig"; sourceTree = "<group>"; };
/* End PBXFileReference section */

/* Begin PBXFrameworksBuildPhase section */
		3993543B28178278006DA743 /* Frameworks */ = {
			isa = PBXFrameworksBuildPhase;
			buildActionMask = 2147483647;
			files = (
				CC92B44496D0E78EFED3B1A1 /* Pods_ARAMRXSwift.framework in Frameworks */,
			);
			runOnlyForDeploymentPostprocessing = 0;
		};
		399354512817827A006DA743 /* Frameworks */ = {
			isa = PBXFrameworksBuildPhase;
			buildActionMask = 2147483647;
			files = (
				3A3398DD21FB9E625149C1D1 /* Pods_ARAMRXSwiftTests.framework in Frameworks */,
			);
			runOnlyForDeploymentPostprocessing = 0;
		};
		3993545B2817827A006DA743 /* Frameworks */ = {
			isa = PBXFrameworksBuildPhase;
			buildActionMask = 2147483647;
			files = (
				EE7C584FEE5D75E74A5D60AC /* Pods_ARAMRXSwift_ARAMRXSwiftUITests.framework in Frameworks */,
			);
			runOnlyForDeploymentPostprocessing = 0;
		};
/* End PBXFrameworksBuildPhase section */

/* Begin PBXGroup section */
		392440E12820D9770096CD1D /* Service */ = {
			isa = PBXGroup;
			children = (
				39457CB02817953100D1555E /* SearchService.swift */,
				392440DF2820D85F0096CD1D /* RankService.swift */,
				394309572828FBB6008EFE51 /* MatchService.swift */,
				39A6DFA3284EEEA500853C54 /* ChampionService.swift */,
				39A0A2AE285071A100DF21B7 /* ChampionDetailService.swift */,
			);
			path = Service;
			sourceTree = "<group>";
		};
		392440E22820D9F80096CD1D /* Network */ = {
			isa = PBXGroup;
			children = (
				392440E32820DA190096CD1D /* SearchNetwork.swift */,
				392440E52820DAB90096CD1D /* RankNetwork.swift */,
				394309552828FB74008EFE51 /* MatchNetwork.swift */,
				39A6DFA5284EEF8800853C54 /* ChampionNetwork.swift */,
				39A0A2B02850799E00DF21B7 /* ChampionDetailNetwork.swift */,
			);
			path = Network;
			sourceTree = "<group>";
		};
		3938B0B4281799280025EF5F /* Home */ = {
			isa = PBXGroup;
			children = (
				3938B0B5281799370025EF5F /* HomeViewModel.swift */,
				3993547128178CC7006DA743 /* HomeViewController.swift */,
				3938B0BA2817D6A30025EF5F /* HomeView.swift */,
			);
			path = Home;
			sourceTree = "<group>";
		};
		3938B0B728179AD50025EF5F /* Model */ = {
			isa = PBXGroup;
			children = (
				3938B0B828179AE50025EF5F /* User.swift */,
				392440DD2820D5670096CD1D /* Rank.swift */,
				394309532828F9EF008EFE51 /* Match.swift */,
				39A6DFA7284F001F00853C54 /* Champion.swift */,
				39A0A2B228507AEA00DF21B7 /* ChampionDetail.swift */,
			);
			path = Model;
			sourceTree = "<group>";
		};
		39457CAF2817951200D1555E /* Network */ = {
			isa = PBXGroup;
			children = (
				392440E12820D9770096CD1D /* Service */,
				392440E22820D9F80096CD1D /* Network */,
			);
			path = Network;
			sourceTree = "<group>";
		};
		397B264D282DE58C00092C5A /* Match */ = {
			isa = PBXGroup;
			children = (
				397B2652282DEB6D00092C5A /* MatchViewModel.swift */,
				397B264E282DE5AF00092C5A /* MatchViewController.swift */,
				397B2650282DE5DF00092C5A /* MatchView.swift */,
			);
			path = Match;
			sourceTree = "<group>";
		};
		3993543528178278006DA743 = {
			isa = PBXGroup;
			children = (
				3993544028178278006DA743 /* ARAMRXSwift */,
				399354572817827A006DA743 /* ARAMRXSwiftTests */,
				399354612817827A006DA743 /* ARAMRXSwiftUITests */,
				3993543F28178278006DA743 /* Products */,
				FC48558E69FAF3BEA1BAFC11 /* Pods */,
				AAA508EAE5C2ECD37EA4B0AC /* Frameworks */,
			);
			sourceTree = "<group>";
		};
		3993543F28178278006DA743 /* Products */ = {
			isa = PBXGroup;
			children = (
				3993543E28178278006DA743 /* ARAMRXSwift.app */,
				399354542817827A006DA743 /* ARAMRXSwiftTests.xctest */,
				3993545E2817827A006DA743 /* ARAMRXSwiftUITests.xctest */,
			);
			name = Products;
			sourceTree = "<group>";
		};
		3993544028178278006DA743 /* ARAMRXSwift */ = {
			isa = PBXGroup;
			children = (
				3993544128178278006DA743 /* AppDelegate.swift */,
				3993544328178278006DA743 /* SceneDelegate.swift */,
				3938B0B728179AD50025EF5F /* Model */,
				3938B0B4281799280025EF5F /* Home */,
				397B264D282DE58C00092C5A /* Match */,
				39A6DFA9284F306400853C54 /* Champion */,
				39A0A2A9285053A300DF21B7 /* ChampionDetail */,
				39457CAF2817951200D1555E /* Network */,
				3993544A2817827A006DA743 /* Assets.xcassets */,
				3993544C2817827A006DA743 /* LaunchScreen.storyboard */,
				3993544F2817827A006DA743 /* Info.plist */,
			);
			path = ARAMRXSwift;
			sourceTree = "<group>";
		};
		399354572817827A006DA743 /* ARAMRXSwiftTests */ = {
			isa = PBXGroup;
			children = (
				399354582817827A006DA743 /* ARAMRXSwiftTests.swift */,
			);
			path = ARAMRXSwiftTests;
			sourceTree = "<group>";
		};
		399354612817827A006DA743 /* ARAMRXSwiftUITests */ = {
			isa = PBXGroup;
			children = (
				399354622817827A006DA743 /* ARAMRXSwiftUITests.swift */,
				399354642817827A006DA743 /* ARAMRXSwiftUITestsLaunchTests.swift */,
			);
			path = ARAMRXSwiftUITests;
			sourceTree = "<group>";
		};
		39A0A2A9285053A300DF21B7 /* ChampionDetail */ = {
			isa = PBXGroup;
			children = (
				39A0A2AA285054C600DF21B7 /* ChampionDetailViewController.swift */,
				39A0A2AC285055C000DF21B7 /* ChampionDetailView.swift */,
				393479D62851735400A19A61 /* ChampionDetailCell.swift */,
				39A0A2B42850815000DF21B7 /* ChampionDetailViewModel.swift */,
			);
			path = ChampionDetail;
			sourceTree = "<group>";
		};
		39A6DFA9284F306400853C54 /* Champion */ = {
			isa = PBXGroup;
			children = (
				39A6DFAA284F308800853C54 /* ChampionViewController.swift */,
				39A6DFAC284F344B00853C54 /* ChampionView.swift */,
				3928799028502A8100F33645 /* ChampionCell.swift */,
				39A6DFAE284F3CDF00853C54 /* ChampionViewModel.swift */,
			);
			path = Champion;
			sourceTree = "<group>";
		};
		AAA508EAE5C2ECD37EA4B0AC /* Frameworks */ = {
			isa = PBXGroup;
			children = (
				5015DD73C2ACEE5660783420 /* Pods_ARAMRXSwift.framework */,
				67864F0539D4D2446FF13F91 /* Pods_ARAMRXSwift_ARAMRXSwiftUITests.framework */,
				216676819DCBACC79A1D9323 /* Pods_ARAMRXSwiftTests.framework */,
			);
			name = Frameworks;
			sourceTree = "<group>";
		};
		FC48558E69FAF3BEA1BAFC11 /* Pods */ = {
			isa = PBXGroup;
			children = (
				E7AFB39CD066637B8852644F /* Pods-ARAMRXSwift.debug.xcconfig */,
				7A01D7E830ECC97174C5BCE5 /* Pods-ARAMRXSwift.release.xcconfig */,
				846B29670743376551B4A0EC /* Pods-ARAMRXSwift-ARAMRXSwiftUITests.debug.xcconfig */,
				E1F55F6209D70FD8D20B63F5 /* Pods-ARAMRXSwift-ARAMRXSwiftUITests.release.xcconfig */,
				EAF5D57CBD98F8360CC9EB7B /* Pods-ARAMRXSwiftTests.debug.xcconfig */,
				AF63C6F3BA6EC7D18825DEA5 /* Pods-ARAMRXSwiftTests.release.xcconfig */,
			);
			path = Pods;
			sourceTree = "<group>";
		};
/* End PBXGroup section */

/* Begin PBXNativeTarget section */
		3993543D28178278006DA743 /* ARAMRXSwift */ = {
			isa = PBXNativeTarget;
			buildConfigurationList = 399354682817827A006DA743 /* Build configuration list for PBXNativeTarget "ARAMRXSwift" */;
			buildPhases = (
				1BCB21D1543AF3B4E2546610 /* [CP] Check Pods Manifest.lock */,
				3993543A28178278006DA743 /* Sources */,
				3993543B28178278006DA743 /* Frameworks */,
				3993543C28178278006DA743 /* Resources */,
				CD4DACEAD2AE25BD5BFCD98A /* [CP] Embed Pods Frameworks */,
			);
			buildRules = (
			);
			dependencies = (
			);
			name = ARAMRXSwift;
			productName = ARAMRXSwift;
			productReference = 3993543E28178278006DA743 /* ARAMRXSwift.app */;
			productType = "com.apple.product-type.application";
		};
		399354532817827A006DA743 /* ARAMRXSwiftTests */ = {
			isa = PBXNativeTarget;
			buildConfigurationList = 3993546B2817827A006DA743 /* Build configuration list for PBXNativeTarget "ARAMRXSwiftTests" */;
			buildPhases = (
				4063AE9EDE340ED64639980B /* [CP] Check Pods Manifest.lock */,
				399354502817827A006DA743 /* Sources */,
				399354512817827A006DA743 /* Frameworks */,
				399354522817827A006DA743 /* Resources */,
				3197F1B0B472FBF2D0606076 /* [CP] Embed Pods Frameworks */,
			);
			buildRules = (
			);
			dependencies = (
				399354562817827A006DA743 /* PBXTargetDependency */,
			);
			name = ARAMRXSwiftTests;
			productName = ARAMRXSwiftTests;
			productReference = 399354542817827A006DA743 /* ARAMRXSwiftTests.xctest */;
			productType = "com.apple.product-type.bundle.unit-test";
		};
		3993545D2817827A006DA743 /* ARAMRXSwiftUITests */ = {
			isa = PBXNativeTarget;
			buildConfigurationList = 3993546E2817827A006DA743 /* Build configuration list for PBXNativeTarget "ARAMRXSwiftUITests" */;
			buildPhases = (
				26A43C802CBA1CDE36B0D6B3 /* [CP] Check Pods Manifest.lock */,
				3993545A2817827A006DA743 /* Sources */,
				3993545B2817827A006DA743 /* Frameworks */,
				3993545C2817827A006DA743 /* Resources */,
				B63216F46E65D98B3F988031 /* [CP] Embed Pods Frameworks */,
			);
			buildRules = (
			);
			dependencies = (
				399354602817827A006DA743 /* PBXTargetDependency */,
			);
			name = ARAMRXSwiftUITests;
			productName = ARAMRXSwiftUITests;
			productReference = 3993545E2817827A006DA743 /* ARAMRXSwiftUITests.xctest */;
			productType = "com.apple.product-type.bundle.ui-testing";
		};
/* End PBXNativeTarget section */

/* Begin PBXProject section */
		3993543628178278006DA743 /* Project object */ = {
			isa = PBXProject;
			attributes = {
				BuildIndependentTargetsInParallel = 1;
				LastSwiftUpdateCheck = 1330;
				LastUpgradeCheck = 1330;
				TargetAttributes = {
					3993543D28178278006DA743 = {
						CreatedOnToolsVersion = 13.3.1;
					};
					399354532817827A006DA743 = {
						CreatedOnToolsVersion = 13.3.1;
						TestTargetID = 3993543D28178278006DA743;
					};
					3993545D2817827A006DA743 = {
						CreatedOnToolsVersion = 13.3.1;
						TestTargetID = 3993543D28178278006DA743;
					};
				};
			};
			buildConfigurationList = 3993543928178278006DA743 /* Build configuration list for PBXProject "ARAMRXSwift" */;
			compatibilityVersion = "Xcode 13.0";
			developmentRegion = en;
			hasScannedForEncodings = 0;
			knownRegions = (
				en,
				Base,
			);
			mainGroup = 3993543528178278006DA743;
			productRefGroup = 3993543F28178278006DA743 /* Products */;
			projectDirPath = "";
			projectRoot = "";
			targets = (
				3993543D28178278006DA743 /* ARAMRXSwift */,
				399354532817827A006DA743 /* ARAMRXSwiftTests */,
				3993545D2817827A006DA743 /* ARAMRXSwiftUITests */,
			);
		};
/* End PBXProject section */

/* Begin PBXResourcesBuildPhase section */
		3993543C28178278006DA743 /* Resources */ = {
			isa = PBXResourcesBuildPhase;
			buildActionMask = 2147483647;
			files = (
				3993544E2817827A006DA743 /* LaunchScreen.storyboard in Resources */,
				3993544B2817827A006DA743 /* Assets.xcassets in Resources */,
			);
			runOnlyForDeploymentPostprocessing = 0;
		};
		399354522817827A006DA743 /* Resources */ = {
			isa = PBXResourcesBuildPhase;
			buildActionMask = 2147483647;
			files = (
			);
			runOnlyForDeploymentPostprocessing = 0;
		};
		3993545C2817827A006DA743 /* Resources */ = {
			isa = PBXResourcesBuildPhase;
			buildActionMask = 2147483647;
			files = (
			);
			runOnlyForDeploymentPostprocessing = 0;
		};
/* End PBXResourcesBuildPhase section */

/* Begin PBXShellScriptBuildPhase section */
		1BCB21D1543AF3B4E2546610 /* [CP] Check Pods Manifest.lock */ = {
			isa = PBXShellScriptBuildPhase;
			buildActionMask = 2147483647;
			files = (
			);
			inputFileListPaths = (
			);
			inputPaths = (
				"${PODS_PODFILE_DIR_PATH}/Podfile.lock",
				"${PODS_ROOT}/Manifest.lock",
			);
			name = "[CP] Check Pods Manifest.lock";
			outputFileListPaths = (
			);
			outputPaths = (
				"$(DERIVED_FILE_DIR)/Pods-ARAMRXSwift-checkManifestLockResult.txt",
			);
			runOnlyForDeploymentPostprocessing = 0;
			shellPath = /bin/sh;
			shellScript = "diff \"${PODS_PODFILE_DIR_PATH}/Podfile.lock\" \"${PODS_ROOT}/Manifest.lock\" > /dev/null\nif [ $? != 0 ] ; then\n    # print error to STDERR\n    echo \"error: The sandbox is not in sync with the Podfile.lock. Run 'pod install' or update your CocoaPods installation.\" >&2\n    exit 1\nfi\n# This output is used by Xcode 'outputs' to avoid re-running this script phase.\necho \"SUCCESS\" > \"${SCRIPT_OUTPUT_FILE_0}\"\n";
			showEnvVarsInLog = 0;
		};
		26A43C802CBA1CDE36B0D6B3 /* [CP] Check Pods Manifest.lock */ = {
			isa = PBXShellScriptBuildPhase;
			buildActionMask = 2147483647;
			files = (
			);
			inputFileListPaths = (
			);
			inputPaths = (
				"${PODS_PODFILE_DIR_PATH}/Podfile.lock",
				"${PODS_ROOT}/Manifest.lock",
			);
			name = "[CP] Check Pods Manifest.lock";
			outputFileListPaths = (
			);
			outputPaths = (
				"$(DERIVED_FILE_DIR)/Pods-ARAMRXSwift-ARAMRXSwiftUITests-checkManifestLockResult.txt",
			);
			runOnlyForDeploymentPostprocessing = 0;
			shellPath = /bin/sh;
			shellScript = "diff \"${PODS_PODFILE_DIR_PATH}/Podfile.lock\" \"${PODS_ROOT}/Manifest.lock\" > /dev/null\nif [ $? != 0 ] ; then\n    # print error to STDERR\n    echo \"error: The sandbox is not in sync with the Podfile.lock. Run 'pod install' or update your CocoaPods installation.\" >&2\n    exit 1\nfi\n# This output is used by Xcode 'outputs' to avoid re-running this script phase.\necho \"SUCCESS\" > \"${SCRIPT_OUTPUT_FILE_0}\"\n";
			showEnvVarsInLog = 0;
		};
		3197F1B0B472FBF2D0606076 /* [CP] Embed Pods Frameworks */ = {
			isa = PBXShellScriptBuildPhase;
			buildActionMask = 2147483647;
			files = (
			);
			inputFileListPaths = (
				"${PODS_ROOT}/Target Support Files/Pods-ARAMRXSwiftTests/Pods-ARAMRXSwiftTests-frameworks-${CONFIGURATION}-input-files.xcfilelist",
			);
			name = "[CP] Embed Pods Frameworks";
			outputFileListPaths = (
				"${PODS_ROOT}/Target Support Files/Pods-ARAMRXSwiftTests/Pods-ARAMRXSwiftTests-frameworks-${CONFIGURATION}-output-files.xcfilelist",
			);
			runOnlyForDeploymentPostprocessing = 0;
			shellPath = /bin/sh;
			shellScript = "\"${PODS_ROOT}/Target Support Files/Pods-ARAMRXSwiftTests/Pods-ARAMRXSwiftTests-frameworks.sh\"\n";
			showEnvVarsInLog = 0;
		};
		4063AE9EDE340ED64639980B /* [CP] Check Pods Manifest.lock */ = {
			isa = PBXShellScriptBuildPhase;
			buildActionMask = 2147483647;
			files = (
			);
			inputFileListPaths = (
			);
			inputPaths = (
				"${PODS_PODFILE_DIR_PATH}/Podfile.lock",
				"${PODS_ROOT}/Manifest.lock",
			);
			name = "[CP] Check Pods Manifest.lock";
			outputFileListPaths = (
			);
			outputPaths = (
				"$(DERIVED_FILE_DIR)/Pods-ARAMRXSwiftTests-checkManifestLockResult.txt",
			);
			runOnlyForDeploymentPostprocessing = 0;
			shellPath = /bin/sh;
			shellScript = "diff \"${PODS_PODFILE_DIR_PATH}/Podfile.lock\" \"${PODS_ROOT}/Manifest.lock\" > /dev/null\nif [ $? != 0 ] ; then\n    # print error to STDERR\n    echo \"error: The sandbox is not in sync with the Podfile.lock. Run 'pod install' or update your CocoaPods installation.\" >&2\n    exit 1\nfi\n# This output is used by Xcode 'outputs' to avoid re-running this script phase.\necho \"SUCCESS\" > \"${SCRIPT_OUTPUT_FILE_0}\"\n";
			showEnvVarsInLog = 0;
		};
		B63216F46E65D98B3F988031 /* [CP] Embed Pods Frameworks */ = {
			isa = PBXShellScriptBuildPhase;
			buildActionMask = 2147483647;
			files = (
			);
			inputFileListPaths = (
				"${PODS_ROOT}/Target Support Files/Pods-ARAMRXSwift-ARAMRXSwiftUITests/Pods-ARAMRXSwift-ARAMRXSwiftUITests-frameworks-${CONFIGURATION}-input-files.xcfilelist",
			);
			name = "[CP] Embed Pods Frameworks";
			outputFileListPaths = (
				"${PODS_ROOT}/Target Support Files/Pods-ARAMRXSwift-ARAMRXSwiftUITests/Pods-ARAMRXSwift-ARAMRXSwiftUITests-frameworks-${CONFIGURATION}-output-files.xcfilelist",
			);
			runOnlyForDeploymentPostprocessing = 0;
			shellPath = /bin/sh;
			shellScript = "\"${PODS_ROOT}/Target Support Files/Pods-ARAMRXSwift-ARAMRXSwiftUITests/Pods-ARAMRXSwift-ARAMRXSwiftUITests-frameworks.sh\"\n";
			showEnvVarsInLog = 0;
		};
		CD4DACEAD2AE25BD5BFCD98A /* [CP] Embed Pods Frameworks */ = {
			isa = PBXShellScriptBuildPhase;
			buildActionMask = 2147483647;
			files = (
			);
			inputFileListPaths = (
				"${PODS_ROOT}/Target Support Files/Pods-ARAMRXSwift/Pods-ARAMRXSwift-frameworks-${CONFIGURATION}-input-files.xcfilelist",
			);
			name = "[CP] Embed Pods Frameworks";
			outputFileListPaths = (
				"${PODS_ROOT}/Target Support Files/Pods-ARAMRXSwift/Pods-ARAMRXSwift-frameworks-${CONFIGURATION}-output-files.xcfilelist",
			);
			runOnlyForDeploymentPostprocessing = 0;
			shellPath = /bin/sh;
			shellScript = "\"${PODS_ROOT}/Target Support Files/Pods-ARAMRXSwift/Pods-ARAMRXSwift-frameworks.sh\"\n";
			showEnvVarsInLog = 0;
		};
/* End PBXShellScriptBuildPhase section */

/* Begin PBXSourcesBuildPhase section */
		3993543A28178278006DA743 /* Sources */ = {
			isa = PBXSourcesBuildPhase;
			buildActionMask = 2147483647;
			files = (
				39A6DFA8284F001F00853C54 /* Champion.swift in Sources */,
				3938B0B6281799370025EF5F /* HomeViewModel.swift in Sources */,
				39A0A2B52850815000DF21B7 /* ChampionDetailViewModel.swift in Sources */,
				39A0A2B12850799E00DF21B7 /* ChampionDetailNetwork.swift in Sources */,
				3993544228178278006DA743 /* AppDelegate.swift in Sources */,
				397B2651282DE5DF00092C5A /* MatchView.swift in Sources */,
				393479D72851735400A19A61 /* ChampionDetailCell.swift in Sources */,
				39A0A2B328507AEA00DF21B7 /* ChampionDetail.swift in Sources */,
				39457CB12817953100D1555E /* SearchService.swift in Sources */,
				3993544428178278006DA743 /* SceneDelegate.swift in Sources */,
				39A6DFA6284EEF8800853C54 /* ChampionNetwork.swift in Sources */,
				39A6DFAB284F308800853C54 /* ChampionViewController.swift in Sources */,
				3938B0BB2817D6A30025EF5F /* HomeView.swift in Sources */,
				392440DE2820D5670096CD1D /* Rank.swift in Sources */,
				392440E62820DAB90096CD1D /* RankNetwork.swift in Sources */,
				39A6DFAD284F344B00853C54 /* ChampionView.swift in Sources */,
				394309582828FBB6008EFE51 /* MatchService.swift in Sources */,
				397B2653282DEB6D00092C5A /* MatchViewModel.swift in Sources */,
				3993547228178CC7006DA743 /* HomeViewController.swift in Sources */,
				397B264F282DE5AF00092C5A /* MatchViewController.swift in Sources */,
				392440E42820DA190096CD1D /* SearchNetwork.swift in Sources */,
				39A0A2AB285054C600DF21B7 /* ChampionDetailViewController.swift in Sources */,
				39A6DFAF284F3CDF00853C54 /* ChampionViewModel.swift in Sources */,
				3938B0B928179AE50025EF5F /* User.swift in Sources */,
				392440E02820D85F0096CD1D /* RankService.swift in Sources */,
				39A0A2AF285071A100DF21B7 /* ChampionDetailService.swift in Sources */,
				3928799128502A8100F33645 /* ChampionCell.swift in Sources */,
				39A0A2AD285055C000DF21B7 /* ChampionDetailView.swift in Sources */,
				394309542828F9EF008EFE51 /* Match.swift in Sources */,
				39A6DFA4284EEEA500853C54 /* ChampionService.swift in Sources */,
				394309562828FB74008EFE51 /* MatchNetwork.swift in Sources */,
			);
			runOnlyForDeploymentPostprocessing = 0;
		};
		399354502817827A006DA743 /* Sources */ = {
			isa = PBXSourcesBuildPhase;
			buildActionMask = 2147483647;
			files = (
				399354592817827A006DA743 /* ARAMRXSwiftTests.swift in Sources */,
			);
			runOnlyForDeploymentPostprocessing = 0;
		};
		3993545A2817827A006DA743 /* Sources */ = {
			isa = PBXSourcesBuildPhase;
			buildActionMask = 2147483647;
			files = (
				399354632817827A006DA743 /* ARAMRXSwiftUITests.swift in Sources */,
				399354652817827A006DA743 /* ARAMRXSwiftUITestsLaunchTests.swift in Sources */,
			);
			runOnlyForDeploymentPostprocessing = 0;
		};
/* End PBXSourcesBuildPhase section */

/* Begin PBXTargetDependency section */
		399354562817827A006DA743 /* PBXTargetDependency */ = {
			isa = PBXTargetDependency;
			target = 3993543D28178278006DA743 /* ARAMRXSwift */;
			targetProxy = 399354552817827A006DA743 /* PBXContainerItemProxy */;
		};
		399354602817827A006DA743 /* PBXTargetDependency */ = {
			isa = PBXTargetDependency;
			target = 3993543D28178278006DA743 /* ARAMRXSwift */;
			targetProxy = 3993545F2817827A006DA743 /* PBXContainerItemProxy */;
		};
/* End PBXTargetDependency section */

/* Begin PBXVariantGroup section */
		3993544C2817827A006DA743 /* LaunchScreen.storyboard */ = {
			isa = PBXVariantGroup;
			children = (
				3993544D2817827A006DA743 /* Base */,
			);
			name = LaunchScreen.storyboard;
			sourceTree = "<group>";
		};
/* End PBXVariantGroup section */

/* Begin XCBuildConfiguration section */
		399354662817827A006DA743 /* Debug */ = {
			isa = XCBuildConfiguration;
			buildSettings = {
				ALWAYS_SEARCH_USER_PATHS = NO;
				CLANG_ANALYZER_NONNULL = YES;
				CLANG_ANALYZER_NUMBER_OBJECT_CONVERSION = YES_AGGRESSIVE;
				CLANG_CXX_LANGUAGE_STANDARD = "gnu++17";
				CLANG_ENABLE_MODULES = YES;
				CLANG_ENABLE_OBJC_ARC = YES;
				CLANG_ENABLE_OBJC_WEAK = YES;
				CLANG_WARN_BLOCK_CAPTURE_AUTORELEASING = YES;
				CLANG_WARN_BOOL_CONVERSION = YES;
				CLANG_WARN_COMMA = YES;
				CLANG_WARN_CONSTANT_CONVERSION = YES;
				CLANG_WARN_DEPRECATED_OBJC_IMPLEMENTATIONS = YES;
				CLANG_WARN_DIRECT_OBJC_ISA_USAGE = YES_ERROR;
				CLANG_WARN_DOCUMENTATION_COMMENTS = YES;
				CLANG_WARN_EMPTY_BODY = YES;
				CLANG_WARN_ENUM_CONVERSION = YES;
				CLANG_WARN_INFINITE_RECURSION = YES;
				CLANG_WARN_INT_CONVERSION = YES;
				CLANG_WARN_NON_LITERAL_NULL_CONVERSION = YES;
				CLANG_WARN_OBJC_IMPLICIT_RETAIN_SELF = YES;
				CLANG_WARN_OBJC_LITERAL_CONVERSION = YES;
				CLANG_WARN_OBJC_ROOT_CLASS = YES_ERROR;
				CLANG_WARN_QUOTED_INCLUDE_IN_FRAMEWORK_HEADER = YES;
				CLANG_WARN_RANGE_LOOP_ANALYSIS = YES;
				CLANG_WARN_STRICT_PROTOTYPES = YES;
				CLANG_WARN_SUSPICIOUS_MOVE = YES;
				CLANG_WARN_UNGUARDED_AVAILABILITY = YES_AGGRESSIVE;
				CLANG_WARN_UNREACHABLE_CODE = YES;
				CLANG_WARN__DUPLICATE_METHOD_MATCH = YES;
				COPY_PHASE_STRIP = NO;
				DEBUG_INFORMATION_FORMAT = dwarf;
				ENABLE_STRICT_OBJC_MSGSEND = YES;
				ENABLE_TESTABILITY = YES;
				GCC_C_LANGUAGE_STANDARD = gnu11;
				GCC_DYNAMIC_NO_PIC = NO;
				GCC_NO_COMMON_BLOCKS = YES;
				GCC_OPTIMIZATION_LEVEL = 0;
				GCC_PREPROCESSOR_DEFINITIONS = (
					"DEBUG=1",
					"$(inherited)",
				);
				GCC_WARN_64_TO_32_BIT_CONVERSION = YES;
				GCC_WARN_ABOUT_RETURN_TYPE = YES_ERROR;
				GCC_WARN_UNDECLARED_SELECTOR = YES;
				GCC_WARN_UNINITIALIZED_AUTOS = YES_AGGRESSIVE;
				GCC_WARN_UNUSED_FUNCTION = YES;
				GCC_WARN_UNUSED_VARIABLE = YES;
				IPHONEOS_DEPLOYMENT_TARGET = 15.4;
				MTL_ENABLE_DEBUG_INFO = INCLUDE_SOURCE;
				MTL_FAST_MATH = YES;
				ONLY_ACTIVE_ARCH = YES;
				SDKROOT = iphoneos;
				SWIFT_ACTIVE_COMPILATION_CONDITIONS = DEBUG;
				SWIFT_OPTIMIZATION_LEVEL = "-Onone";
			};
			name = Debug;
		};
		399354672817827A006DA743 /* Release */ = {
			isa = XCBuildConfiguration;
			buildSettings = {
				ALWAYS_SEARCH_USER_PATHS = NO;
				CLANG_ANALYZER_NONNULL = YES;
				CLANG_ANALYZER_NUMBER_OBJECT_CONVERSION = YES_AGGRESSIVE;
				CLANG_CXX_LANGUAGE_STANDARD = "gnu++17";
				CLANG_ENABLE_MODULES = YES;
				CLANG_ENABLE_OBJC_ARC = YES;
				CLANG_ENABLE_OBJC_WEAK = YES;
				CLANG_WARN_BLOCK_CAPTURE_AUTORELEASING = YES;
				CLANG_WARN_BOOL_CONVERSION = YES;
				CLANG_WARN_COMMA = YES;
				CLANG_WARN_CONSTANT_CONVERSION = YES;
				CLANG_WARN_DEPRECATED_OBJC_IMPLEMENTATIONS = YES;
				CLANG_WARN_DIRECT_OBJC_ISA_USAGE = YES_ERROR;
				CLANG_WARN_DOCUMENTATION_COMMENTS = YES;
				CLANG_WARN_EMPTY_BODY = YES;
				CLANG_WARN_ENUM_CONVERSION = YES;
				CLANG_WARN_INFINITE_RECURSION = YES;
				CLANG_WARN_INT_CONVERSION = YES;
				CLANG_WARN_NON_LITERAL_NULL_CONVERSION = YES;
				CLANG_WARN_OBJC_IMPLICIT_RETAIN_SELF = YES;
				CLANG_WARN_OBJC_LITERAL_CONVERSION = YES;
				CLANG_WARN_OBJC_ROOT_CLASS = YES_ERROR;
				CLANG_WARN_QUOTED_INCLUDE_IN_FRAMEWORK_HEADER = YES;
				CLANG_WARN_RANGE_LOOP_ANALYSIS = YES;
				CLANG_WARN_STRICT_PROTOTYPES = YES;
				CLANG_WARN_SUSPICIOUS_MOVE = YES;
				CLANG_WARN_UNGUARDED_AVAILABILITY = YES_AGGRESSIVE;
				CLANG_WARN_UNREACHABLE_CODE = YES;
				CLANG_WARN__DUPLICATE_METHOD_MATCH = YES;
				COPY_PHASE_STRIP = NO;
				DEBUG_INFORMATION_FORMAT = "dwarf-with-dsym";
				ENABLE_NS_ASSERTIONS = NO;
				ENABLE_STRICT_OBJC_MSGSEND = YES;
				GCC_C_LANGUAGE_STANDARD = gnu11;
				GCC_NO_COMMON_BLOCKS = YES;
				GCC_WARN_64_TO_32_BIT_CONVERSION = YES;
				GCC_WARN_ABOUT_RETURN_TYPE = YES_ERROR;
				GCC_WARN_UNDECLARED_SELECTOR = YES;
				GCC_WARN_UNINITIALIZED_AUTOS = YES_AGGRESSIVE;
				GCC_WARN_UNUSED_FUNCTION = YES;
				GCC_WARN_UNUSED_VARIABLE = YES;
				IPHONEOS_DEPLOYMENT_TARGET = 15.4;
				MTL_ENABLE_DEBUG_INFO = NO;
				MTL_FAST_MATH = YES;
				SDKROOT = iphoneos;
				SWIFT_COMPILATION_MODE = wholemodule;
				SWIFT_OPTIMIZATION_LEVEL = "-O";
				VALIDATE_PRODUCT = YES;
			};
			name = Release;
		};
		399354692817827A006DA743 /* Debug */ = {
			isa = XCBuildConfiguration;
			baseConfigurationReference = E7AFB39CD066637B8852644F /* Pods-ARAMRXSwift.debug.xcconfig */;
			buildSettings = {
				ASSETCATALOG_COMPILER_APPICON_NAME = AppIcon;
				ASSETCATALOG_COMPILER_GLOBAL_ACCENT_COLOR_NAME = AccentColor;
				CODE_SIGN_STYLE = Automatic;
				CURRENT_PROJECT_VERSION = 1;
				DEVELOPMENT_TEAM = YR3A3BTP7L;
				GENERATE_INFOPLIST_FILE = YES;
				INFOPLIST_FILE = ARAMRXSwift/Info.plist;
				INFOPLIST_KEY_UIApplicationSupportsIndirectInputEvents = YES;
				INFOPLIST_KEY_UILaunchStoryboardName = LaunchScreen;
				INFOPLIST_KEY_UISupportedInterfaceOrientations_iPad = "UIInterfaceOrientationPortrait UIInterfaceOrientationPortraitUpsideDown UIInterfaceOrientationLandscapeLeft UIInterfaceOrientationLandscapeRight";
				INFOPLIST_KEY_UISupportedInterfaceOrientations_iPhone = "UIInterfaceOrientationPortrait UIInterfaceOrientationLandscapeLeft UIInterfaceOrientationLandscapeRight";
				LD_RUNPATH_SEARCH_PATHS = (
					"$(inherited)",
					"@executable_path/Frameworks",
				);
				MARKETING_VERSION = 1.0;
				PRODUCT_BUNDLE_IDENTIFIER = com.MinHyuckLee.ARAMRXSwift;
				PRODUCT_NAME = "$(TARGET_NAME)";
				SWIFT_EMIT_LOC_STRINGS = YES;
				SWIFT_VERSION = 5.0;
				TARGETED_DEVICE_FAMILY = "1,2";
			};
			name = Debug;
		};
		3993546A2817827A006DA743 /* Release */ = {
			isa = XCBuildConfiguration;
			baseConfigurationReference = 7A01D7E830ECC97174C5BCE5 /* Pods-ARAMRXSwift.release.xcconfig */;
			buildSettings = {
				ASSETCATALOG_COMPILER_APPICON_NAME = AppIcon;
				ASSETCATALOG_COMPILER_GLOBAL_ACCENT_COLOR_NAME = AccentColor;
				CODE_SIGN_STYLE = Automatic;
				CURRENT_PROJECT_VERSION = 1;
				DEVELOPMENT_TEAM = YR3A3BTP7L;
				GENERATE_INFOPLIST_FILE = YES;
				INFOPLIST_FILE = ARAMRXSwift/Info.plist;
				INFOPLIST_KEY_UIApplicationSupportsIndirectInputEvents = YES;
				INFOPLIST_KEY_UILaunchStoryboardName = LaunchScreen;
				INFOPLIST_KEY_UISupportedInterfaceOrientations_iPad = "UIInterfaceOrientationPortrait UIInterfaceOrientationPortraitUpsideDown UIInterfaceOrientationLandscapeLeft UIInterfaceOrientationLandscapeRight";
				INFOPLIST_KEY_UISupportedInterfaceOrientations_iPhone = "UIInterfaceOrientationPortrait UIInterfaceOrientationLandscapeLeft UIInterfaceOrientationLandscapeRight";
				LD_RUNPATH_SEARCH_PATHS = (
					"$(inherited)",
					"@executable_path/Frameworks",
				);
				MARKETING_VERSION = 1.0;
				PRODUCT_BUNDLE_IDENTIFIER = com.MinHyuckLee.ARAMRXSwift;
				PRODUCT_NAME = "$(TARGET_NAME)";
				SWIFT_EMIT_LOC_STRINGS = YES;
				SWIFT_VERSION = 5.0;
				TARGETED_DEVICE_FAMILY = "1,2";
			};
			name = Release;
		};
		3993546C2817827A006DA743 /* Debug */ = {
			isa = XCBuildConfiguration;
			baseConfigurationReference = EAF5D57CBD98F8360CC9EB7B /* Pods-ARAMRXSwiftTests.debug.xcconfig */;
			buildSettings = {
				ALWAYS_EMBED_SWIFT_STANDARD_LIBRARIES = YES;
				BUNDLE_LOADER = "$(TEST_HOST)";
				CODE_SIGN_STYLE = Automatic;
				CURRENT_PROJECT_VERSION = 1;
				DEVELOPMENT_TEAM = YR3A3BTP7L;
				GENERATE_INFOPLIST_FILE = YES;
				IPHONEOS_DEPLOYMENT_TARGET = 15.4;
				MARKETING_VERSION = 1.0;
				PRODUCT_BUNDLE_IDENTIFIER = com.MinHyuckLee.ARAMRXSwiftTests;
				PRODUCT_NAME = "$(TARGET_NAME)";
				SWIFT_EMIT_LOC_STRINGS = NO;
				SWIFT_VERSION = 5.0;
				TARGETED_DEVICE_FAMILY = "1,2";
				TEST_HOST = "$(BUILT_PRODUCTS_DIR)/ARAMRXSwift.app/ARAMRXSwift";
			};
			name = Debug;
		};
		3993546D2817827A006DA743 /* Release */ = {
			isa = XCBuildConfiguration;
			baseConfigurationReference = AF63C6F3BA6EC7D18825DEA5 /* Pods-ARAMRXSwiftTests.release.xcconfig */;
			buildSettings = {
				ALWAYS_EMBED_SWIFT_STANDARD_LIBRARIES = YES;
				BUNDLE_LOADER = "$(TEST_HOST)";
				CODE_SIGN_STYLE = Automatic;
				CURRENT_PROJECT_VERSION = 1;
				DEVELOPMENT_TEAM = YR3A3BTP7L;
				GENERATE_INFOPLIST_FILE = YES;
				IPHONEOS_DEPLOYMENT_TARGET = 15.4;
				MARKETING_VERSION = 1.0;
				PRODUCT_BUNDLE_IDENTIFIER = com.MinHyuckLee.ARAMRXSwiftTests;
				PRODUCT_NAME = "$(TARGET_NAME)";
				SWIFT_EMIT_LOC_STRINGS = NO;
				SWIFT_VERSION = 5.0;
				TARGETED_DEVICE_FAMILY = "1,2";
				TEST_HOST = "$(BUILT_PRODUCTS_DIR)/ARAMRXSwift.app/ARAMRXSwift";
			};
			name = Release;
		};
		3993546F2817827A006DA743 /* Debug */ = {
			isa = XCBuildConfiguration;
			baseConfigurationReference = 846B29670743376551B4A0EC /* Pods-ARAMRXSwift-ARAMRXSwiftUITests.debug.xcconfig */;
			buildSettings = {
				ALWAYS_EMBED_SWIFT_STANDARD_LIBRARIES = YES;
				CODE_SIGN_STYLE = Automatic;
				CURRENT_PROJECT_VERSION = 1;
				DEVELOPMENT_TEAM = YR3A3BTP7L;
				GENERATE_INFOPLIST_FILE = YES;
				MARKETING_VERSION = 1.0;
				PRODUCT_BUNDLE_IDENTIFIER = com.MinHyuckLee.ARAMRXSwiftUITests;
				PRODUCT_NAME = "$(TARGET_NAME)";
				SWIFT_EMIT_LOC_STRINGS = NO;
				SWIFT_VERSION = 5.0;
				TARGETED_DEVICE_FAMILY = "1,2";
				TEST_TARGET_NAME = ARAMRXSwift;
			};
			name = Debug;
		};
		399354702817827A006DA743 /* Release */ = {
			isa = XCBuildConfiguration;
			baseConfigurationReference = E1F55F6209D70FD8D20B63F5 /* Pods-ARAMRXSwift-ARAMRXSwiftUITests.release.xcconfig */;
			buildSettings = {
				ALWAYS_EMBED_SWIFT_STANDARD_LIBRARIES = YES;
				CODE_SIGN_STYLE = Automatic;
				CURRENT_PROJECT_VERSION = 1;
				DEVELOPMENT_TEAM = YR3A3BTP7L;
				GENERATE_INFOPLIST_FILE = YES;
				MARKETING_VERSION = 1.0;
				PRODUCT_BUNDLE_IDENTIFIER = com.MinHyuckLee.ARAMRXSwiftUITests;
				PRODUCT_NAME = "$(TARGET_NAME)";
				SWIFT_EMIT_LOC_STRINGS = NO;
				SWIFT_VERSION = 5.0;
				TARGETED_DEVICE_FAMILY = "1,2";
				TEST_TARGET_NAME = ARAMRXSwift;
			};
			name = Release;
		};
/* End XCBuildConfiguration section */

/* Begin XCConfigurationList section */
		3993543928178278006DA743 /* Build configuration list for PBXProject "ARAMRXSwift" */ = {
			isa = XCConfigurationList;
			buildConfigurations = (
				399354662817827A006DA743 /* Debug */,
				399354672817827A006DA743 /* Release */,
			);
			defaultConfigurationIsVisible = 0;
			defaultConfigurationName = Release;
		};
		399354682817827A006DA743 /* Build configuration list for PBXNativeTarget "ARAMRXSwift" */ = {
			isa = XCConfigurationList;
			buildConfigurations = (
				399354692817827A006DA743 /* Debug */,
				3993546A2817827A006DA743 /* Release */,
			);
			defaultConfigurationIsVisible = 0;
			defaultConfigurationName = Release;
		};
		3993546B2817827A006DA743 /* Build configuration list for PBXNativeTarget "ARAMRXSwiftTests" */ = {
			isa = XCConfigurationList;
			buildConfigurations = (
				3993546C2817827A006DA743 /* Debug */,
				3993546D2817827A006DA743 /* Release */,
			);
			defaultConfigurationIsVisible = 0;
			defaultConfigurationName = Release;
		};
		3993546E2817827A006DA743 /* Build configuration list for PBXNativeTarget "ARAMRXSwiftUITests" */ = {
			isa = XCConfigurationList;
			buildConfigurations = (
				3993546F2817827A006DA743 /* Debug */,
				399354702817827A006DA743 /* Release */,
			);
			defaultConfigurationIsVisible = 0;
			defaultConfigurationName = Release;
		};
/* End XCConfigurationList section */
	};
	rootObject = 3993543628178278006DA743 /* Project object */;
}
